{
    "lockfileVersion": 2,
    "requires": true,
    "packages": {
        "node_modules/@moonwalkingbits/apollo-configuration": {
            "version": "0.1.0",
            "resolved": "https://registry.npmjs.org/@moonwalkingbits/apollo-configuration/-/apollo-configuration-0.1.0.tgz",
            "integrity": "sha512-MPWsaGnuG1JdPHRkeYnouyygKAgGGAQaPg5FhQ9NIhjOgYd5D73TJyN0vfduOwIyibtiqvmVuP/kmC+Hxyo/ww==",
            "engines": {
                "node": ">=14.5"
            }
        }
    },
    "dependencies": {}
}
